
Microsoft Visual Studio Solution File, Format Version 12.00
# Visual Studio 15
VisualStudioVersion = 15.0.28010.2046
MinimumVisualStudioVersion = 10.0.40219.1
Project("{FAE04EC0-301F-11D3-BF4B-00C04F79EFBC}") = "Csharp_Mines_Better", "Csharp_Mines_Better\Csharp_Mines_Better.csproj", "{94C451F7-FBCC-404E-8D02-3908E2A32E09}"
EndProject
Global
	GlobalSection(SolutionConfigurationPlatforms) = preSolution
		Debug|Any CPU = Debug|Any CPU
		Release|Any CPU = Release|Any CPU
	EndGlobalSection
	GlobalSection(ProjectConfigurationPlatforms) = postSolution
		{94C451F7-FBCC-404E-8D02-3908E2A32E09}.Debug|Any CPU.ActiveCfg = Debug|Any CPU
		{94C451F7-FBCC-404E-8D02-3908E2A32E09}.Debug|Any CPU.Build.0 = Debug|Any CPU
		{94C451F7-FBCC-404E-8D02-3908E2A32E09}.Release|Any CPU.ActiveCfg = Release|Any CPU
		{94C451F7-FBCC-404E-8D02-3908E2A32E09}.Release|Any CPU.Build.0 = Release|Any CPU
	EndGlobalSection
	GlobalSection(SolutionProperties) = preSolution
		HideSolutionNode = FALSE
	EndGlobalSection
	GlobalSection(ExtensibilityGlobals) = postSolution
		SolutionGuid = {D5904FBA-261C-4138-9C8C-8222CDA7EEB9}
	EndGlobalSection
EndGlobal
